
Microsoft Visual Studio Solution File, Format Version 12.00
# Visual Studio Version 16
VisualStudioVersion = 16.0.33328.57
MinimumVisualStudioVersion = 10.0.40219.1
Project("{FAE04EC0-301F-11D3-BF4B-00C04F79EFBC}") = "MILSTD1553ClassLibrary", "MILSTD1553ClassLibrary\MILSTD1553ClassLibrary.csproj", "{C7A55145-8FBE-4251-8815-188208707EE1}"
EndProject
Project("{FAE04EC0-301F-11D3-BF4B-00C04F79EFBC}") = "deneme", "deneme\deneme.csproj", "{AEF6292F-FF15-4AC2-991B-366E2FBAA418}"
EndProject
Global
	GlobalSection(SolutionConfigurationPlatforms) = preSolution
		Debug|Any CPU = Debug|Any CPU
		Release|Any CPU = Release|Any CPU
	EndGlobalSection
	GlobalSection(ProjectConfigurationPlatforms) = postSolution
		{C7A55145-8FBE-4251-8815-188208707EE1}.Debug|Any CPU.ActiveCfg = Debug|Any CPU
		{C7A55145-8FBE-4251-8815-188208707EE1}.Debug|Any CPU.Build.0 = Debug|Any CPU
		{C7A55145-8FBE-4251-8815-188208707EE1}.Release|Any CPU.ActiveCfg = Release|Any CPU
		{C7A55145-8FBE-4251-8815-188208707EE1}.Release|Any CPU.Build.0 = Release|Any CPU
		{AEF6292F-FF15-4AC2-991B-366E2FBAA418}.Debug|Any CPU.ActiveCfg = Debug|Any CPU
		{AEF6292F-FF15-4AC2-991B-366E2FBAA418}.Debug|Any CPU.Build.0 = Debug|Any CPU
		{AEF6292F-FF15-4AC2-991B-366E2FBAA418}.Release|Any CPU.ActiveCfg = Release|Any CPU
		{AEF6292F-FF15-4AC2-991B-366E2FBAA418}.Release|Any CPU.Build.0 = Release|Any CPU
	EndGlobalSection
	GlobalSection(SolutionProperties) = preSolution
		HideSolutionNode = FALSE
	EndGlobalSection
	GlobalSection(ExtensibilityGlobals) = postSolution
		SolutionGuid = {9948EBF1-B867-4781-B209-CB27E022AF84}
	EndGlobalSection
EndGlobal
